hash: 19eb6ec576521dcd1e3633fab04ffdf0fd65d6671c63fab8218dbf97c0389549
updated: 2017-12-22T20:12:14.319478+01:00
imports:
- name: github.com/mitchellh/go-homedir
  version: b8bc1bf767474819792c23f32d8286a45736f1c6
- name: golang.org/x/crypto
  version: d585fd2cc9195196078f516b69daff6744ef5e84
  subpackages:
  - bcrypt
  - blowfish
testImports: []
